
Microsoft Visual Studio Solution File, Format Version 12.00
# Visual Studio Version 17
VisualStudioVersion = 17.7.34031.279
MinimumVisualStudioVersion = 10.0.40219.1
Project("{FAE04EC0-301F-11D3-BF4B-00C04F79EFBC}") = "WebVot", "WebVot\WebVot.csproj", "{317DF6E0-AADF-452A-8DFC-278C595E5CD3}"
EndProject
Global
	GlobalSection(SolutionConfigurationPlatforms) = preSolution
		Debug|Any CPU = Debug|Any CPU
		Release|Any CPU = Release|Any CPU
	EndGlobalSection
	GlobalSection(ProjectConfigurationPlatforms) = postSolution
		{317DF6E0-AADF-452A-8DFC-278C595E5CD3}.Debug|Any CPU.ActiveCfg = Debug|Any CPU
		{317DF6E0-AADF-452A-8DFC-278C595E5CD3}.Debug|Any CPU.Build.0 = Debug|Any CPU
		{317DF6E0-AADF-452A-8DFC-278C595E5CD3}.Release|Any CPU.ActiveCfg = Release|Any CPU
		{317DF6E0-AADF-452A-8DFC-278C595E5CD3}.Release|Any CPU.Build.0 = Release|Any CPU
	EndGlobalSection
	GlobalSection(SolutionProperties) = preSolution
		HideSolutionNode = FALSE
	EndGlobalSection
	GlobalSection(ExtensibilityGlobals) = postSolution
		SolutionGuid = {BBF1A921-7B92-4F54-9645-22CD3635BCAA}
	EndGlobalSection
EndGlobal
